
Microsoft Visual Studio Solution File, Format Version 12.00
# Visual Studio Version 16
VisualStudioVersion = 16.0.29411.108
MinimumVisualStudioVersion = 10.0.40219.1
Project("{FAE04EC0-301F-11D3-BF4B-00C04F79EFBC}") = "EstructuraDeArchivos-Proyecto", "EstructuraDeArchivos-Proyecto\EstructuraDeArchivos-Proyecto.csproj", "{713BF998-E2F9-4F9A-8413-548BB0342818}"
EndProject
Global
	GlobalSection(SolutionConfigurationPlatforms) = preSolution
		Debug|Any CPU = Debug|Any CPU
		Release|Any CPU = Release|Any CPU
	EndGlobalSection
	GlobalSection(ProjectConfigurationPlatforms) = postSolution
		{713BF998-E2F9-4F9A-8413-548BB0342818}.Debug|Any CPU.ActiveCfg = Debug|Any CPU
		{713BF998-E2F9-4F9A-8413-548BB0342818}.Debug|Any CPU.Build.0 = Debug|Any CPU
		{713BF998-E2F9-4F9A-8413-548BB0342818}.Release|Any CPU.ActiveCfg = Release|Any CPU
		{713BF998-E2F9-4F9A-8413-548BB0342818}.Release|Any CPU.Build.0 = Release|Any CPU
	EndGlobalSection
	GlobalSection(SolutionProperties) = preSolution
		HideSolutionNode = FALSE
	EndGlobalSection
	GlobalSection(ExtensibilityGlobals) = postSolution
		SolutionGuid = {58C1EFC5-94B6-49B0-8096-C8A7CF2EBE86}
	EndGlobalSection
EndGlobal
